
Microsoft Visual Studio Solution File, Format Version 12.00
# Visual Studio Version 17
VisualStudioVersion = 17.5.2.0
MinimumVisualStudioVersion = 10.0.40219.1
Project("{FAE04EC0-301F-11D3-BF4B-00C04F79EFBC}") = "HabitTrackerLibrary", "HabitTrackerLibrary\HabitTrackerLibrary.csproj", "{4C0D5DBC-A4FF-4333-8905-3A9E963ACE41}"
EndProject
Project("{FAE04EC0-301F-11D3-BF4B-00C04F79EFBC}") = "HabitTrackerCLI", "HabitTrackerCLI\HabitTrackerCLI.csproj", "{54A568DE-A354-411B-B27E-E449342A177C}"
EndProject
Project("{FAE04EC0-301F-11D3-BF4B-00C04F79EFBC}") = "HabitTrackerWebApp", "HabitTrackerWebApp\HabitTrackerWebApp.csproj", "{C68B690F-0FB5-42C5-802C-66C90D0973B9}"
EndProject
Global
	GlobalSection(SolutionConfigurationPlatforms) = preSolution
		Debug|Any CPU = Debug|Any CPU
		Debug|x64 = Debug|x64
		Debug|x86 = Debug|x86
		Release|Any CPU = Release|Any CPU
		Release|x64 = Release|x64
		Release|x86 = Release|x86
	EndGlobalSection
	GlobalSection(ProjectConfigurationPlatforms) = postSolution
		{4C0D5DBC-A4FF-4333-8905-3A9E963ACE41}.Debug|Any CPU.ActiveCfg = Debug|Any CPU
		{4C0D5DBC-A4FF-4333-8905-3A9E963ACE41}.Debug|Any CPU.Build.0 = Debug|Any CPU
		{4C0D5DBC-A4FF-4333-8905-3A9E963ACE41}.Debug|x64.ActiveCfg = Debug|Any CPU
		{4C0D5DBC-A4FF-4333-8905-3A9E963ACE41}.Debug|x64.Build.0 = Debug|Any CPU
		{4C0D5DBC-A4FF-4333-8905-3A9E963ACE41}.Debug|x86.ActiveCfg = Debug|Any CPU
		{4C0D5DBC-A4FF-4333-8905-3A9E963ACE41}.Debug|x86.Build.0 = Debug|Any CPU
		{4C0D5DBC-A4FF-4333-8905-3A9E963ACE41}.Release|Any CPU.ActiveCfg = Release|Any CPU
		{4C0D5DBC-A4FF-4333-8905-3A9E963ACE41}.Release|Any CPU.Build.0 = Release|Any CPU
		{4C0D5DBC-A4FF-4333-8905-3A9E963ACE41}.Release|x64.ActiveCfg = Release|Any CPU
		{4C0D5DBC-A4FF-4333-8905-3A9E963ACE41}.Release|x64.Build.0 = Release|Any CPU
		{4C0D5DBC-A4FF-4333-8905-3A9E963ACE41}.Release|x86.ActiveCfg = Release|Any CPU
		{4C0D5DBC-A4FF-4333-8905-3A9E963ACE41}.Release|x86.Build.0 = Release|Any CPU
		{54A568DE-A354-411B-B27E-E449342A177C}.Debug|Any CPU.ActiveCfg = Debug|Any CPU
		{54A568DE-A354-411B-B27E-E449342A177C}.Debug|Any CPU.Build.0 = Debug|Any CPU
		{54A568DE-A354-411B-B27E-E449342A177C}.Debug|x64.ActiveCfg = Debug|Any CPU
		{54A568DE-A354-411B-B27E-E449342A177C}.Debug|x64.Build.0 = Debug|Any CPU
		{54A568DE-A354-411B-B27E-E449342A177C}.Debug|x86.ActiveCfg = Debug|Any CPU
		{54A568DE-A354-411B-B27E-E449342A177C}.Debug|x86.Build.0 = Debug|Any CPU
		{54A568DE-A354-411B-B27E-E449342A177C}.Release|Any CPU.ActiveCfg = Release|Any CPU
		{54A568DE-A354-411B-B27E-E449342A177C}.Release|Any CPU.Build.0 = Release|Any CPU
		{54A568DE-A354-411B-B27E-E449342A177C}.Release|x64.ActiveCfg = Release|Any CPU
		{54A568DE-A354-411B-B27E-E449342A177C}.Release|x64.Build.0 = Release|Any CPU
		{54A568DE-A354-411B-B27E-E449342A177C}.Release|x86.ActiveCfg = Release|Any CPU
		{54A568DE-A354-411B-B27E-E449342A177C}.Release|x86.Build.0 = Release|Any CPU
		{C68B690F-0FB5-42C5-802C-66C90D0973B9}.Debug|Any CPU.ActiveCfg = Debug|Any CPU
		{C68B690F-0FB5-42C5-802C-66C90D0973B9}.Debug|Any CPU.Build.0 = Debug|Any CPU
		{C68B690F-0FB5-42C5-802C-66C90D0973B9}.Debug|x64.ActiveCfg = Debug|Any CPU
		{C68B690F-0FB5-42C5-802C-66C90D0973B9}.Debug|x64.Build.0 = Debug|Any CPU
		{C68B690F-0FB5-42C5-802C-66C90D0973B9}.Debug|x86.ActiveCfg = Debug|Any CPU
		{C68B690F-0FB5-42C5-802C-66C90D0973B9}.Debug|x86.Build.0 = Debug|Any CPU
		{C68B690F-0FB5-42C5-802C-66C90D0973B9}.Release|Any CPU.ActiveCfg = Release|Any CPU
		{C68B690F-0FB5-42C5-802C-66C90D0973B9}.Release|Any CPU.Build.0 = Release|Any CPU
		{C68B690F-0FB5-42C5-802C-66C90D0973B9}.Release|x64.ActiveCfg = Release|Any CPU
		{C68B690F-0FB5-42C5-802C-66C90D0973B9}.Release|x64.Build.0 = Release|Any CPU
		{C68B690F-0FB5-42C5-802C-66C90D0973B9}.Release|x86.ActiveCfg = Release|Any CPU
		{C68B690F-0FB5-42C5-802C-66C90D0973B9}.Release|x86.Build.0 = Release|Any CPU
	EndGlobalSection
	GlobalSection(SolutionProperties) = preSolution
		HideSolutionNode = FALSE
	EndGlobalSection
	GlobalSection(ExtensibilityGlobals) = postSolution
		SolutionGuid = {47A065EB-E123-4035-8A27-962B73FE09CA}
	EndGlobalSection
EndGlobal
